// !$*UTF8*$!
{
	archiveVersion = 1;
	classes = {
	};
	objectVersion = 46;
	objects = {

/* Begin PBXBuildFile section */
		7F4629741C293EA100ED2CAF /* main.m in Sources */ = {isa = PBXBuildFile; fileRef = 7F4629731C293EA100ED2CAF /* main.m */; };
		7F4629771C293EA100ED2CAF /* AppDelegate.m in Sources */ = {isa = PBXBuildFile; fileRef = 7F4629761C293EA100ED2CAF /* AppDelegate.m */; };
		7F46297A1C293EA100ED2CAF /* ViewController.m in Sources */ = {isa = PBXBuildFile; fileRef = 7F4629791C293EA100ED2CAF /* ViewController.m */; };
		7F46297D1C293EA100ED2CAF /* Main.storyboard in Resources */ = {isa = PBXBuildFile; fileRef = 7F46297B1C293EA100ED2CAF /* Main.storyboard */; };
		7F46297F1C293EA100ED2CAF /* Assets.xcassets in Resources */ = {isa = PBXBuildFile; fileRef = 7F46297E1C293EA100ED2CAF /* Assets.xcassets */; };
		7F4629821C293EA100ED2CAF /* LaunchScreen.storyboard in Resources */ = {isa = PBXBuildFile; fileRef = 7F4629801C293EA100ED2CAF /* LaunchScreen.storyboard */; };
		7F4629901C294E4000ED2CAF /* CheckPoint.m in Sources */ = {isa = PBXBuildFile; fileRef = 7F46298F1C294E4000ED2CAF /* CheckPoint.m */; };
		7F4629931C29550800ED2CAF /* ChecksVC.m in Sources */ = {isa = PBXBuildFile; fileRef = 7F4629921C29550800ED2CAF /* ChecksVC.m */; };
		7F4629961C296B9700ED2CAF /* CheckPointTableCell.m in Sources */ = {isa = PBXBuildFile; fileRef = 7F4629951C296B9700ED2CAF /* CheckPointTableCell.m */; };
		7F4629991C29863A00ED2CAF /* DataManager.m in Sources */ = {isa = PBXBuildFile; fileRef = 7F4629981C29863A00ED2CAF /* DataManager.m */; };
		AE7199841C29746D00B1C8BB /* Check.m in Sources */ = {isa = PBXBuildFile; fileRef = AE7199831C29746D00B1C8BB /* Check.m */; };
		AE7199871C2977AE00B1C8BB /* Tour.m in Sources */ = {isa = PBXBuildFile; fileRef = AE7199861C2977AE00B1C8BB /* Tour.m */; };
		AE71998D1C297EF600B1C8BB /* CheckVC.m in Sources */ = {isa = PBXBuildFile; fileRef = AE71998C1C297EF600B1C8BB /* CheckVC.m */; };
/* End PBXBuildFile section */

/* Begin PBXFileReference section */
		7F46296F1C293EA000ED2CAF /* Guardian.app */ = {isa = PBXFileReference; explicitFileType = wrapper.application; includeInIndex = 0; path = Guardian.app; sourceTree = BUILT_PRODUCTS_DIR; };
		7F4629731C293EA100ED2CAF /* main.m */ = {isa = PBXFileReference; lastKnownFileType = sourcecode.c.objc; path = main.m; sourceTree = "<group>"; };
		7F4629751C293EA100ED2CAF /* AppDelegate.h */ = {isa = PBXFileReference; lastKnownFileType = sourcecode.c.h; path = AppDelegate.h; sourceTree = "<group>"; };
		7F4629761C293EA100ED2CAF /* AppDelegate.m */ = {isa = PBXFileReference; lastKnownFileType = sourcecode.c.objc; path = AppDelegate.m; sourceTree = "<group>"; };
		7F4629781C293EA100ED2CAF /* ViewController.h */ = {isa = PBXFileReference; lastKnownFileType = sourcecode.c.h; path = ViewController.h; sourceTree = "<group>"; };
		7F4629791C293EA100ED2CAF /* ViewController.m */ = {isa = PBXFileReference; lastKnownFileType = sourcecode.c.objc; path = ViewController.m; sourceTree = "<group>"; };
		7F46297C1C293EA100ED2CAF /* Base */ = {isa = PBXFileReference; lastKnownFileType = file.storyboard; name = Base; path = Base.lproj/Main.storyboard; sourceTree = "<group>"; };
		7F46297E1C293EA100ED2CAF /* Assets.xcassets */ = {isa = PBXFileReference; lastKnownFileType = folder.assetcatalog; path = Assets.xcassets; sourceTree = "<group>"; };
		7F4629811C293EA100ED2CAF /* Base */ = {isa = PBXFileReference; lastKnownFileType = file.storyboard; name = Base; path = Base.lproj/LaunchScreen.storyboard; sourceTree = "<group>"; };
		7F4629831C293EA100ED2CAF /* Info.plist */ = {isa = PBXFileReference; lastKnownFileType = text.plist.xml; path = Info.plist; sourceTree = "<group>"; };
		7F46298E1C294E4000ED2CAF /* CheckPoint.h */ = {isa = PBXFileReference; fileEncoding = 4; lastKnownFileType = sourcecode.c.h; path = CheckPoint.h; sourceTree = "<group>"; };
		7F46298F1C294E4000ED2CAF /* CheckPoint.m */ = {isa = PBXFileReference; fileEncoding = 4; lastKnownFileType = sourcecode.c.objc; path = CheckPoint.m; sourceTree = "<group>"; };
		7F4629911C29550800ED2CAF /* ChecksVC.h */ = {isa = PBXFileReference; fileEncoding = 4; lastKnownFileType = sourcecode.c.h; path = ChecksVC.h; sourceTree = "<group>"; };
		7F4629921C29550800ED2CAF /* ChecksVC.m */ = {isa = PBXFileReference; fileEncoding = 4; lastKnownFileType = sourcecode.c.objc; path = ChecksVC.m; sourceTree = "<group>"; };
		7F4629941C296B9700ED2CAF /* CheckPointTableCell.h */ = {isa = PBXFileReference; fileEncoding = 4; lastKnownFileType = sourcecode.c.h; path = CheckPointTableCell.h; sourceTree = "<group>"; };
		7F4629951C296B9700ED2CAF /* CheckPointTableCell.m */ = {isa = PBXFileReference; fileEncoding = 4; lastKnownFileType = sourcecode.c.objc; path = CheckPointTableCell.m; sourceTree = "<group>"; };
		7F4629971C29863A00ED2CAF /* DataManager.h */ = {isa = PBXFileReference; fileEncoding = 4; lastKnownFileType = sourcecode.c.h; path = DataManager.h; sourceTree = "<group>"; };
		7F4629981C29863A00ED2CAF /* DataManager.m */ = {isa = PBXFileReference; fileEncoding = 4; lastKnownFileType = sourcecode.c.objc; path = DataManager.m; sourceTree = "<group>"; };
		AE7199821C29746D00B1C8BB /* Check.h */ = {isa = PBXFileReference; fileEncoding = 4; lastKnownFileType = sourcecode.c.h; path = Check.h; sourceTree = "<group>"; };
		AE7199831C29746D00B1C8BB /* Check.m */ = {isa = PBXFileReference; fileEncoding = 4; lastKnownFileType = sourcecode.c.objc; path = Check.m; sourceTree = "<group>"; };
		AE7199851C2977AE00B1C8BB /* Tour.h */ = {isa = PBXFileReference; fileEncoding = 4; lastKnownFileType = sourcecode.c.h; path = Tour.h; sourceTree = "<group>"; };
		AE7199861C2977AE00B1C8BB /* Tour.m */ = {isa = PBXFileReference; fileEncoding = 4; lastKnownFileType = sourcecode.c.objc; path = Tour.m; sourceTree = "<group>"; };
		AE71998B1C297EF600B1C8BB /* CheckVC.h */ = {isa = PBXFileReference; fileEncoding = 4; lastKnownFileType = sourcecode.c.h; path = CheckVC.h; sourceTree = "<group>"; };
		AE71998C1C297EF600B1C8BB /* CheckVC.m */ = {isa = PBXFileReference; fileEncoding = 4; lastKnownFileType = sourcecode.c.objc; path = CheckVC.m; sourceTree = "<group>"; };
/* End PBXFileReference section */

/* Begin PBXFrameworksBuildPhase section */
		7F46296C1C293EA000ED2CAF /* Frameworks */ = {
			isa = PBXFrameworksBuildPhase;
			buildActionMask = 2147483647;
			files = (
			);
			runOnlyForDeploymentPostprocessing = 0;
		};
/* End PBXFrameworksBuildPhase section */

/* Begin PBXGroup section */
		7F4629661C293EA000ED2CAF = {
			isa = PBXGroup;
			children = (
				7F46298D1C294DFD00ED2CAF /* Model */,
				7F4629891C294C3500ED2CAF /* Data */,
				7F4629711C293EA000ED2CAF /* Guardian */,
				7F4629701C293EA000ED2CAF /* Products */,
			);
			sourceTree = "<group>";
		};
		7F4629701C293EA000ED2CAF /* Products */ = {
			isa = PBXGroup;
			children = (
				7F46296F1C293EA000ED2CAF /* Guardian.app */,
			);
			name = Products;
			sourceTree = "<group>";
		};
		7F4629711C293EA000ED2CAF /* Guardian */ = {
			isa = PBXGroup;
			children = (
				7F4629751C293EA100ED2CAF /* AppDelegate.h */,
				7F4629761C293EA100ED2CAF /* AppDelegate.m */,
				7F4629781C293EA100ED2CAF /* ViewController.h */,
				7F4629791C293EA100ED2CAF /* ViewController.m */,
				7F46297B1C293EA100ED2CAF /* Main.storyboard */,
				7F46297E1C293EA100ED2CAF /* Assets.xcassets */,
				7F4629801C293EA100ED2CAF /* LaunchScreen.storyboard */,
				7F4629831C293EA100ED2CAF /* Info.plist */,
				7F4629721C293EA100ED2CAF /* Supporting Files */,
				7F4629911C29550800ED2CAF /* ChecksVC.h */,
				7F4629921C29550800ED2CAF /* ChecksVC.m */,
				7F4629941C296B9700ED2CAF /* CheckPointTableCell.h */,
				7F4629951C296B9700ED2CAF /* CheckPointTableCell.m */,
				AE71998B1C297EF600B1C8BB /* CheckVC.h */,
				AE71998C1C297EF600B1C8BB /* CheckVC.m */,
			);
			path = Guardian;
			sourceTree = "<group>";
		};
		7F4629721C293EA100ED2CAF /* Supporting Files */ = {
			isa = PBXGroup;
			children = (
				7F4629731C293EA100ED2CAF /* main.m */,
			);
			name = "Supporting Files";
			sourceTree = "<group>";
		};
		7F4629891C294C3500ED2CAF /* Data */ = {
			isa = PBXGroup;
			children = (
				7F4629971C29863A00ED2CAF /* DataManager.h */,
				7F4629981C29863A00ED2CAF /* DataManager.m */,
			);
			path = Data;
			sourceTree = "<group>";
		};
		7F46298D1C294DFD00ED2CAF /* Model */ = {
			isa = PBXGroup;
			children = (
				AE7199821C29746D00B1C8BB /* Check.h */,
				AE7199831C29746D00B1C8BB /* Check.m */,
				7F46298E1C294E4000ED2CAF /* CheckPoint.h */,
				7F46298F1C294E4000ED2CAF /* CheckPoint.m */,
				AE7199851C2977AE00B1C8BB /* Tour.h */,
				AE7199861C2977AE00B1C8BB /* Tour.m */,
			);
			path = Model;
			sourceTree = "<group>";
		};
/* End PBXGroup section */

/* Begin PBXNativeTarget section */
		7F46296E1C293EA000ED2CAF /* Guardian */ = {
			isa = PBXNativeTarget;
			buildConfigurationList = 7F4629861C293EA100ED2CAF /* Build configuration list for PBXNativeTarget "Guardian" */;
			buildPhases = (
				7F46296B1C293EA000ED2CAF /* Sources */,
				7F46296C1C293EA000ED2CAF /* Frameworks */,
				7F46296D1C293EA000ED2CAF /* Resources */,
			);
			buildRules = (
			);
			dependencies = (
			);
			name = Guardian;
			productName = Guardian;
			productReference = 7F46296F1C293EA000ED2CAF /* Guardian.app */;
			productType = "com.apple.product-type.application";
		};
/* End PBXNativeTarget section */

/* Begin PBXProject section */
		7F4629671C293EA000ED2CAF /* Project object */ = {
			isa = PBXProject;
			attributes = {
				LastUpgradeCheck = 0720;
				ORGANIZATIONNAME = "Viktor Sydorenko";
				TargetAttributes = {
					7F46296E1C293EA000ED2CAF = {
						CreatedOnToolsVersion = 7.2;
					};
				};
			};
			buildConfigurationList = 7F46296A1C293EA000ED2CAF /* Build configuration list for PBXProject "Guardian" */;
			compatibilityVersion = "Xcode 3.2";
			developmentRegion = English;
			hasScannedForEncodings = 0;
			knownRegions = (
				en,
				Base,
			);
			mainGroup = 7F4629661C293EA000ED2CAF;
			productRefGroup = 7F4629701C293EA000ED2CAF /* Products */;
			projectDirPath = "";
			projectRoot = "";
			targets = (
				7F46296E1C293EA000ED2CAF /* Guardian */,
			);
		};
/* End PBXProject section */

/* Begin PBXResourcesBuildPhase section */
		7F46296D1C293EA000ED2CAF /* Resources */ = {
			isa = PBXResourcesBuildPhase;
			buildActionMask = 2147483647;
			files = (
				7F4629821C293EA100ED2CAF /* LaunchScreen.storyboard in Resources */,
				7F46297F1C293EA100ED2CAF /* Assets.xcassets in Resources */,
				7F46297D1C293EA100ED2CAF /* Main.storyboard in Resources */,
			);
			runOnlyForDeploymentPostprocessing = 0;
		};
/* End PBXResourcesBuildPhase section */

/* Begin PBXSourcesBuildPhase section */
		7F46296B1C293EA000ED2CAF /* Sources */ = {
			isa = PBXSourcesBuildPhase;
			buildActionMask = 2147483647;
			files = (
				AE7199841C29746D00B1C8BB /* Check.m in Sources */,
				7F46297A1C293EA100ED2CAF /* ViewController.m in Sources */,
				7F4629771C293EA100ED2CAF /* AppDelegate.m in Sources */,
				7F4629961C296B9700ED2CAF /* CheckPointTableCell.m in Sources */,
				7F4629901C294E4000ED2CAF /* CheckPoint.m in Sources */,
				7F4629931C29550800ED2CAF /* ChecksVC.m in Sources */,
				AE7199871C2977AE00B1C8BB /* Tour.m in Sources */,
				AE71998D1C297EF600B1C8BB /* CheckVC.m in Sources */,
				7F4629741C293EA100ED2CAF /* main.m in Sources */,
				7F4629991C29863A00ED2CAF /* DataManager.m in Sources */,
			);
			runOnlyForDeploymentPostprocessing = 0;
		};
/* End PBXSourcesBuildPhase section */

/* Begin PBXVariantGroup section */
		7F46297B1C293EA100ED2CAF /* Main.storyboard */ = {
			isa = PBXVariantGroup;
			children = (
				7F46297C1C293EA100ED2CAF /* Base */,
			);
			name = Main.storyboard;
			sourceTree = "<group>";
		};
		7F4629801C293EA100ED2CAF /* LaunchScreen.storyboard */ = {
			isa = PBXVariantGroup;
			children = (
				7F4629811C293EA100ED2CAF /* Base */,
			);
			name = LaunchScreen.storyboard;
			sourceTree = "<group>";
		};
/* End PBXVariantGroup section */

/* Begin XCBuildConfiguration section */
		7F4629841C293EA100ED2CAF /* Debug */ = {
			isa = XCBuildConfiguration;
			buildSettings = {
				ALWAYS_SEARCH_USER_PATHS = NO;
				CLANG_CXX_LANGUAGE_STANDARD = "gnu++0x";
				CLANG_CXX_LIBRARY = "libc++";
				CLANG_ENABLE_MODULES = YES;
				CLANG_ENABLE_OBJC_ARC = YES;
				CLANG_WARN_BOOL_CONVERSION = YES;
				CLANG_WARN_CONSTANT_CONVERSION = YES;
				CLANG_WARN_DIRECT_OBJC_ISA_USAGE = YES_ERROR;
				CLANG_WARN_EMPTY_BODY = YES;
				CLANG_WARN_ENUM_CONVERSION = YES;
				CLANG_WARN_INT_CONVERSION = YES;
				CLANG_WARN_OBJC_ROOT_CLASS = YES_ERROR;
				CLANG_WARN_UNREACHABLE_CODE = YES;
				CLANG_WARN__DUPLICATE_METHOD_MATCH = YES;
				"CODE_SIGN_IDENTITY[sdk=iphoneos*]" = "iPhone Developer";
				COPY_PHASE_STRIP = NO;
				DEBUG_INFORMATION_FORMAT = dwarf;
				ENABLE_STRICT_OBJC_MSGSEND = YES;
				ENABLE_TESTABILITY = YES;
				GCC_C_LANGUAGE_STANDARD = gnu99;
				GCC_DYNAMIC_NO_PIC = NO;
				GCC_NO_COMMON_BLOCKS = YES;
				GCC_OPTIMIZATION_LEVEL = 0;
				GCC_PREPROCESSOR_DEFINITIONS = (
					"DEBUG=1",
					"$(inherited)",
				);
				GCC_WARN_64_TO_32_BIT_CONVERSION = YES;
				GCC_WARN_ABOUT_RETURN_TYPE = YES_ERROR;
				GCC_WARN_UNDECLARED_SELECTOR = YES;
				GCC_WARN_UNINITIALIZED_AUTOS = YES_AGGRESSIVE;
				GCC_WARN_UNUSED_FUNCTION = YES;
				GCC_WARN_UNUSED_VARIABLE = YES;
				IPHONEOS_DEPLOYMENT_TARGET = 9.2;
				MTL_ENABLE_DEBUG_INFO = YES;
				ONLY_ACTIVE_ARCH = YES;
				SDKROOT = iphoneos;
			};
			name = Debug;
		};
		7F4629851C293EA100ED2CAF /* Release */ = {
			isa = XCBuildConfiguration;
			buildSettings = {
				ALWAYS_SEARCH_USER_PATHS = NO;
				CLANG_CXX_LANGUAGE_STANDARD = "gnu++0x";
				CLANG_CXX_LIBRARY = "libc++";
				CLANG_ENABLE_MODULES = YES;
				CLANG_ENABLE_OBJC_ARC = YES;
				CLANG_WARN_BOOL_CONVERSION = YES;
				CLANG_WARN_CONSTANT_CONVERSION = YES;
				CLANG_WARN_DIRECT_OBJC_ISA_USAGE = YES_ERROR;
				CLANG_WARN_EMPTY_BODY = YES;
				CLANG_WARN_ENUM_CONVERSION = YES;
				CLANG_WARN_INT_CONVERSION = YES;
				CLANG_WARN_OBJC_ROOT_CLASS = YES_ERROR;
				CLANG_WARN_UNREACHABLE_CODE = YES;
				CLANG_WARN__DUPLICATE_METHOD_MATCH = YES;
				"CODE_SIGN_IDENTITY[sdk=iphoneos*]" = "iPhone Developer";
				COPY_PHASE_STRIP = NO;
				DEBUG_INFORMATION_FORMAT = "dwarf-with-dsym";
				ENABLE_NS_ASSERTIONS = NO;
				ENABLE_STRICT_OBJC_MSGSEND = YES;
				GCC_C_LANGUAGE_STANDARD = gnu99;
				GCC_NO_COMMON_BLOCKS = YES;
				GCC_WARN_64_TO_32_BIT_CONVERSION = YES;
				GCC_WARN_ABOUT_RETURN_TYPE = YES_ERROR;
				GCC_WARN_UNDECLARED_SELECTOR = YES;
				GCC_WARN_UNINITIALIZED_AUTOS = YES_AGGRESSIVE;
				GCC_WARN_UNUSED_FUNCTION = YES;
				GCC_WARN_UNUSED_VARIABLE = YES;
				IPHONEOS_DEPLOYMENT_TARGET = 9.2;
				MTL_ENABLE_DEBUG_INFO = NO;
				SDKROOT = iphoneos;
				VALIDATE_PRODUCT = YES;
			};
			name = Release;
		};
		7F4629871C293EA100ED2CAF /* Debug */ = {
			isa = XCBuildConfiguration;
			buildSettings = {
				ASSETCATALOG_COMPILER_APPICON_NAME = AppIcon;
				INFOPLIST_FILE = Guardian/Info.plist;
				LD_RUNPATH_SEARCH_PATHS = "$(inherited) @executable_path/Frameworks";
				PRODUCT_BUNDLE_IDENTIFIER = ef.Guardian;
				PRODUCT_NAME = "$(TARGET_NAME)";
			};
			name = Debug;
		};
		7F4629881C293EA100ED2CAF /* Release */ = {
			isa = XCBuildConfiguration;
			buildSettings = {
				ASSETCATALOG_COMPILER_APPICON_NAME = AppIcon;
				INFOPLIST_FILE = Guardian/Info.plist;
				LD_RUNPATH_SEARCH_PATHS = "$(inherited) @executable_path/Frameworks";
				PRODUCT_BUNDLE_IDENTIFIER = ef.Guardian;
				PRODUCT_NAME = "$(TARGET_NAME)";
			};
			name = Release;
		};
/* End XCBuildConfiguration section */

/* Begin XCConfigurationList section */
		7F46296A1C293EA000ED2CAF /* Build configuration list for PBXProject "Guardian" */ = {
			isa = XCConfigurationList;
			buildConfigurations = (
				7F4629841C293EA100ED2CAF /* Debug */,
				7F4629851C293EA100ED2CAF /* Release */,
			);
			defaultConfigurationIsVisible = 0;
			defaultConfigurationName = Release;
		};
		7F4629861C293EA100ED2CAF /* Build configuration list for PBXNativeTarget "Guardian" */ = {
			isa = XCConfigurationList;
			buildConfigurations = (
				7F4629871C293EA100ED2CAF /* Debug */,
				7F4629881C293EA100ED2CAF /* Release */,
			);
			defaultConfigurationIsVisible = 0;
			defaultConfigurationName = Release;
		};
/* End XCConfigurationList section */
	};
	rootObject = 7F4629671C293EA000ED2CAF /* Project object */;
}
